// !$*UTF8*$!
{
	archiveVersion = 1;
	classes = {
	};
	objectVersion = 46;
	objects = {

/* Begin PBXBuildFile section */
		A1D0745A1EB7AC1F0086AE7A /* main.m in Sources */ = {isa = PBXBuildFile; fileRef = A1D074591EB7AC1F0086AE7A /* main.m */; };
		A1D0745D1EB7AC1F0086AE7A /* AppDelegate.m in Sources */ = {isa = PBXBuildFile; fileRef = A1D0745C1EB7AC1F0086AE7A /* AppDelegate.m */; };
		A1D074601EB7AC1F0086AE7A /* ViewController.m in Sources */ = {isa = PBXBuildFile; fileRef = A1D0745F1EB7AC1F0086AE7A /* ViewController.m */; };
		A1D074631EB7AC1F0086AE7A /* Main.storyboard in Resources */ = {isa = PBXBuildFile; fileRef = A1D074611EB7AC1F0086AE7A /* Main.storyboard */; };
		A1D074651EB7AC1F0086AE7A /* Assets.xcassets in Resources */ = {isa = PBXBuildFile; fileRef = A1D074641EB7AC1F0086AE7A /* Assets.xcassets */; };
		A1D074681EB7AC1F0086AE7A /* LaunchScreen.storyboard in Resources */ = {isa = PBXBuildFile; fileRef = A1D074661EB7AC1F0086AE7A /* LaunchScreen.storyboard */; };
		A1D074761EB7B47E0086AE7A /* Bolts.framework in Frameworks */ = {isa = PBXBuildFile; fileRef = A1D074741EB7B47E0086AE7A /* Bolts.framework */; };
		A1D074771EB7B47E0086AE7A /* Parse.framework in Frameworks */ = {isa = PBXBuildFile; fileRef = A1D074751EB7B47E0086AE7A /* Parse.framework */; };
		A1D074781EB7B4980086AE7A /* Parse.framework in CopyFiles */ = {isa = PBXBuildFile; fileRef = A1D074751EB7B47E0086AE7A /* Parse.framework */; settings = {ATTRIBUTES = (CodeSignOnCopy, RemoveHeadersOnCopy, ); }; };
		A1D074791EB7BE450086AE7A /* Bolts.framework in CopyFiles */ = {isa = PBXBuildFile; fileRef = A1D074741EB7B47E0086AE7A /* Bolts.framework */; settings = {ATTRIBUTES = (CodeSignOnCopy, RemoveHeadersOnCopy, ); }; };
		A1D0747B1EB7C0C10086AE7A /* MapKit.framework in Frameworks */ = {isa = PBXBuildFile; fileRef = A1D0747A1EB7C0C10086AE7A /* MapKit.framework */; };
		A1D0747E1EB8FF1C0086AE7A /* AddReminderViewController.m in Sources */ = {isa = PBXBuildFile; fileRef = A1D0747D1EB8FF1C0086AE7A /* AddReminderViewController.m */; };
/* End PBXBuildFile section */

/* Begin PBXCopyFilesBuildPhase section */
		A1D074721EB7B2F30086AE7A /* CopyFiles */ = {
			isa = PBXCopyFilesBuildPhase;
			buildActionMask = 2147483647;
			dstPath = "";
			dstSubfolderSpec = 10;
			files = (
				A1D074791EB7BE450086AE7A /* Bolts.framework in CopyFiles */,
				A1D074781EB7B4980086AE7A /* Parse.framework in CopyFiles */,
			);
			runOnlyForDeploymentPostprocessing = 0;
		};
/* End PBXCopyFilesBuildPhase section */

/* Begin PBXFileReference section */
		A1D074551EB7AC1F0086AE7A /* LocationReminders.app */ = {isa = PBXFileReference; explicitFileType = wrapper.application; includeInIndex = 0; path = LocationReminders.app; sourceTree = BUILT_PRODUCTS_DIR; };
		A1D074591EB7AC1F0086AE7A /* main.m */ = {isa = PBXFileReference; lastKnownFileType = sourcecode.c.objc; path = main.m; sourceTree = "<group>"; };
		A1D0745B1EB7AC1F0086AE7A /* AppDelegate.h */ = {isa = PBXFileReference; lastKnownFileType = sourcecode.c.h; path = AppDelegate.h; sourceTree = "<group>"; };
		A1D0745C1EB7AC1F0086AE7A /* AppDelegate.m */ = {isa = PBXFileReference; lastKnownFileType = sourcecode.c.objc; path = AppDelegate.m; sourceTree = "<group>"; };
		A1D0745E1EB7AC1F0086AE7A /* ViewController.h */ = {isa = PBXFileReference; lastKnownFileType = sourcecode.c.h; path = ViewController.h; sourceTree = "<group>"; };
		A1D0745F1EB7AC1F0086AE7A /* ViewController.m */ = {isa = PBXFileReference; lastKnownFileType = sourcecode.c.objc; path = ViewController.m; sourceTree = "<group>"; };
		A1D074621EB7AC1F0086AE7A /* Base */ = {isa = PBXFileReference; lastKnownFileType = file.storyboard; name = Base; path = Base.lproj/Main.storyboard; sourceTree = "<group>"; };
		A1D074641EB7AC1F0086AE7A /* Assets.xcassets */ = {isa = PBXFileReference; lastKnownFileType = folder.assetcatalog; path = Assets.xcassets; sourceTree = "<group>"; };
		A1D074671EB7AC1F0086AE7A /* Base */ = {isa = PBXFileReference; lastKnownFileType = file.storyboard; name = Base; path = Base.lproj/LaunchScreen.storyboard; sourceTree = "<group>"; };
		A1D074691EB7AC1F0086AE7A /* Info.plist */ = {isa = PBXFileReference; lastKnownFileType = text.plist.xml; path = Info.plist; sourceTree = "<group>"; };
		A1D074701EB7B2D50086AE7A /* Build */ = {isa = PBXFileReference; lastKnownFileType = folder; name = Build; path = Carthage/Build; sourceTree = "<group>"; };
		A1D074741EB7B47E0086AE7A /* Bolts.framework */ = {isa = PBXFileReference; lastKnownFileType = wrapper.framework; name = Bolts.framework; path = Carthage/Build/iOS/Bolts.framework; sourceTree = "<group>"; };
		A1D074751EB7B47E0086AE7A /* Parse.framework */ = {isa = PBXFileReference; lastKnownFileType = wrapper.framework; name = Parse.framework; path = Carthage/Build/iOS/Parse.framework; sourceTree = "<group>"; };
		A1D0747A1EB7C0C10086AE7A /* MapKit.framework */ = {isa = PBXFileReference; lastKnownFileType = wrapper.framework; name = MapKit.framework; path = System/Library/Frameworks/MapKit.framework; sourceTree = SDKROOT; };
		A1D0747C1EB8FF1C0086AE7A /* AddReminderViewController.h */ = {isa = PBXFileReference; fileEncoding = 4; lastKnownFileType = sourcecode.c.h; path = AddReminderViewController.h; sourceTree = "<group>"; };
		A1D0747D1EB8FF1C0086AE7A /* AddReminderViewController.m */ = {isa = PBXFileReference; fileEncoding = 4; lastKnownFileType = sourcecode.c.objc; path = AddReminderViewController.m; sourceTree = "<group>"; };
/* End PBXFileReference section */

/* Begin PBXFrameworksBuildPhase section */
		A1D074521EB7AC1F0086AE7A /* Frameworks */ = {
			isa = PBXFrameworksBuildPhase;
			buildActionMask = 2147483647;
			files = (
				A1D074761EB7B47E0086AE7A /* Bolts.framework in Frameworks */,
				A1D0747B1EB7C0C10086AE7A /* MapKit.framework in Frameworks */,
				A1D074771EB7B47E0086AE7A /* Parse.framework in Frameworks */,
			);
			runOnlyForDeploymentPostprocessing = 0;
		};
/* End PBXFrameworksBuildPhase section */

/* Begin PBXGroup section */
		A1D0744C1EB7AC1F0086AE7A = {
			isa = PBXGroup;
			children = (
				A1D074571EB7AC1F0086AE7A /* LocationReminders */,
				A1D074561EB7AC1F0086AE7A /* Products */,
				A1D0746F1EB7B2D50086AE7A /* Frameworks */,
			);
			sourceTree = "<group>";
		};
		A1D074561EB7AC1F0086AE7A /* Products */ = {
			isa = PBXGroup;
			children = (
				A1D074551EB7AC1F0086AE7A /* LocationReminders.app */,
			);
			name = Products;
			sourceTree = "<group>";
		};
		A1D074571EB7AC1F0086AE7A /* LocationReminders */ = {
			isa = PBXGroup;
			children = (
				A1D0745B1EB7AC1F0086AE7A /* AppDelegate.h */,
				A1D0745C1EB7AC1F0086AE7A /* AppDelegate.m */,
				A1D0745E1EB7AC1F0086AE7A /* ViewController.h */,
				A1D0745F1EB7AC1F0086AE7A /* ViewController.m */,
				A1D074611EB7AC1F0086AE7A /* Main.storyboard */,
				A1D0747C1EB8FF1C0086AE7A /* AddReminderViewController.h */,
				A1D0747D1EB8FF1C0086AE7A /* AddReminderViewController.m */,
				A1D074641EB7AC1F0086AE7A /* Assets.xcassets */,
				A1D074661EB7AC1F0086AE7A /* LaunchScreen.storyboard */,
				A1D074691EB7AC1F0086AE7A /* Info.plist */,
				A1D074581EB7AC1F0086AE7A /* Supporting Files */,
			);
			path = LocationReminders;
			sourceTree = "<group>";
		};
		A1D074581EB7AC1F0086AE7A /* Supporting Files */ = {
			isa = PBXGroup;
			children = (
				A1D074591EB7AC1F0086AE7A /* main.m */,
			);
			name = "Supporting Files";
			sourceTree = "<group>";
		};
		A1D0746F1EB7B2D50086AE7A /* Frameworks */ = {
			isa = PBXGroup;
			children = (
				A1D0747A1EB7C0C10086AE7A /* MapKit.framework */,
				A1D074741EB7B47E0086AE7A /* Bolts.framework */,
				A1D074751EB7B47E0086AE7A /* Parse.framework */,
				A1D074701EB7B2D50086AE7A /* Build */,
			);
			name = Frameworks;
			sourceTree = "<group>";
		};
/* End PBXGroup section */

/* Begin PBXNativeTarget section */
		A1D074541EB7AC1F0086AE7A /* LocationReminders */ = {
			isa = PBXNativeTarget;
			buildConfigurationList = A1D0746C1EB7AC1F0086AE7A /* Build configuration list for PBXNativeTarget "LocationReminders" */;
			buildPhases = (
				A1D074511EB7AC1F0086AE7A /* Sources */,
				A1D074521EB7AC1F0086AE7A /* Frameworks */,
				A1D074531EB7AC1F0086AE7A /* Resources */,
				A1D074721EB7B2F30086AE7A /* CopyFiles */,
			);
			buildRules = (
			);
			dependencies = (
			);
			name = LocationReminders;
			productName = LocationReminders;
			productReference = A1D074551EB7AC1F0086AE7A /* LocationReminders.app */;
			productType = "com.apple.product-type.application";
		};
/* End PBXNativeTarget section */

/* Begin PBXProject section */
		A1D0744D1EB7AC1F0086AE7A /* Project object */ = {
			isa = PBXProject;
			attributes = {
				LastUpgradeCheck = 0830;
				ORGANIZATIONNAME = "David Porter";
				TargetAttributes = {
					A1D074541EB7AC1F0086AE7A = {
						CreatedOnToolsVersion = 8.3.2;
						DevelopmentTeam = AB9NKXMTZH;
						ProvisioningStyle = Automatic;
						SystemCapabilities = {
							com.apple.Maps.iOS = {
								enabled = 1;
							};
						};
					};
				};
			};
			buildConfigurationList = A1D074501EB7AC1F0086AE7A /* Build configuration list for PBXProject "LocationReminders" */;
			compatibilityVersion = "Xcode 3.2";
			developmentRegion = English;
			hasScannedForEncodings = 0;
			knownRegions = (
				en,
				Base,
			);
			mainGroup = A1D0744C1EB7AC1F0086AE7A;
			productRefGroup = A1D074561EB7AC1F0086AE7A /* Products */;
			projectDirPath = "";
			projectRoot = "";
			targets = (
				A1D074541EB7AC1F0086AE7A /* LocationReminders */,
			);
		};
/* End PBXProject section */

/* Begin PBXResourcesBuildPhase section */
		A1D074531EB7AC1F0086AE7A /* Resources */ = {
			isa = PBXResourcesBuildPhase;
			buildActionMask = 2147483647;
			files = (
				A1D074681EB7AC1F0086AE7A /* LaunchScreen.storyboard in Resources */,
				A1D074651EB7AC1F0086AE7A /* Assets.xcassets in Resources */,
				A1D074631EB7AC1F0086AE7A /* Main.storyboard in Resources */,
			);
			runOnlyForDeploymentPostprocessing = 0;
		};
/* End PBXResourcesBuildPhase section */

/* Begin PBXSourcesBuildPhase section */
		A1D074511EB7AC1F0086AE7A /* Sources */ = {
			isa = PBXSourcesBuildPhase;
			buildActionMask = 2147483647;
			files = (
				A1D0747E1EB8FF1C0086AE7A /* AddReminderViewController.m in Sources */,
				A1D074601EB7AC1F0086AE7A /* ViewController.m in Sources */,
				A1D0745D1EB7AC1F0086AE7A /* AppDelegate.m in Sources */,
				A1D0745A1EB7AC1F0086AE7A /* main.m in Sources */,
			);
			runOnlyForDeploymentPostprocessing = 0;
		};
/* End PBXSourcesBuildPhase section */

/* Begin PBXVariantGroup section */
		A1D074611EB7AC1F0086AE7A /* Main.storyboard */ = {
			isa = PBXVariantGroup;
			children = (
				A1D074621EB7AC1F0086AE7A /* Base */,
			);
			name = Main.storyboard;
			sourceTree = "<group>";
		};
		A1D074661EB7AC1F0086AE7A /* LaunchScreen.storyboard */ = {
			isa = PBXVariantGroup;
			children = (
				A1D074671EB7AC1F0086AE7A /* Base */,
			);
			name = LaunchScreen.storyboard;
			sourceTree = "<group>";
		};
/* End PBXVariantGroup section */

/* Begin XCBuildConfiguration section */
		A1D0746A1EB7AC1F0086AE7A /* Debug */ = {
			isa = XCBuildConfiguration;
			buildSettings = {
				ALWAYS_SEARCH_USER_PATHS = NO;
				CLANG_ANALYZER_NONNULL = YES;
				CLANG_ANALYZER_NUMBER_OBJECT_CONVERSION = YES_AGGRESSIVE;
				CLANG_CXX_LANGUAGE_STANDARD = "gnu++0x";
				CLANG_CXX_LIBRARY = "libc++";
				CLANG_ENABLE_MODULES = YES;
				CLANG_ENABLE_OBJC_ARC = YES;
				CLANG_WARN_BOOL_CONVERSION = YES;
				CLANG_WARN_CONSTANT_CONVERSION = YES;
				CLANG_WARN_DIRECT_OBJC_ISA_USAGE = YES_ERROR;
				CLANG_WARN_DOCUMENTATION_COMMENTS = YES;
				CLANG_WARN_EMPTY_BODY = YES;
				CLANG_WARN_ENUM_CONVERSION = YES;
				CLANG_WARN_INFINITE_RECURSION = YES;
				CLANG_WARN_INT_CONVERSION = YES;
				CLANG_WARN_OBJC_ROOT_CLASS = YES_ERROR;
				CLANG_WARN_SUSPICIOUS_MOVE = YES;
				CLANG_WARN_UNREACHABLE_CODE = YES;
				CLANG_WARN__DUPLICATE_METHOD_MATCH = YES;
				"CODE_SIGN_IDENTITY[sdk=iphoneos*]" = "iPhone Developer";
				COPY_PHASE_STRIP = NO;
				DEBUG_INFORMATION_FORMAT = dwarf;
				ENABLE_STRICT_OBJC_MSGSEND = YES;
				ENABLE_TESTABILITY = YES;
				GCC_C_LANGUAGE_STANDARD = gnu99;
				GCC_DYNAMIC_NO_PIC = NO;
				GCC_NO_COMMON_BLOCKS = YES;
				GCC_OPTIMIZATION_LEVEL = 0;
				GCC_PREPROCESSOR_DEFINITIONS = (
					"DEBUG=1",
					"$(inherited)",
				);
				GCC_WARN_64_TO_32_BIT_CONVERSION = YES;
				GCC_WARN_ABOUT_RETURN_TYPE = YES_ERROR;
				GCC_WARN_UNDECLARED_SELECTOR = YES;
				GCC_WARN_UNINITIALIZED_AUTOS = YES_AGGRESSIVE;
				GCC_WARN_UNUSED_FUNCTION = YES;
				GCC_WARN_UNUSED_VARIABLE = YES;
				IPHONEOS_DEPLOYMENT_TARGET = 10.3;
				MTL_ENABLE_DEBUG_INFO = YES;
				ONLY_ACTIVE_ARCH = YES;
				SDKROOT = iphoneos;
				TARGETED_DEVICE_FAMILY = "1,2";
			};
			name = Debug;
		};
		A1D0746B1EB7AC1F0086AE7A /* Release */ = {
			isa = XCBuildConfiguration;
			buildSettings = {
				ALWAYS_SEARCH_USER_PATHS = NO;
				CLANG_ANALYZER_NONNULL = YES;
				CLANG_ANALYZER_NUMBER_OBJECT_CONVERSION = YES_AGGRESSIVE;
				CLANG_CXX_LANGUAGE_STANDARD = "gnu++0x";
				CLANG_CXX_LIBRARY = "libc++";
				CLANG_ENABLE_MODULES = YES;
				CLANG_ENABLE_OBJC_ARC = YES;
				CLANG_WARN_BOOL_CONVERSION = YES;
				CLANG_WARN_CONSTANT_CONVERSION = YES;
				CLANG_WARN_DIRECT_OBJC_ISA_USAGE = YES_ERROR;
				CLANG_WARN_DOCUMENTATION_COMMENTS = YES;
				CLANG_WARN_EMPTY_BODY = YES;
				CLANG_WARN_ENUM_CONVERSION = YES;
				CLANG_WARN_INFINITE_RECURSION = YES;
				CLANG_WARN_INT_CONVERSION = YES;
				CLANG_WARN_OBJC_ROOT_CLASS = YES_ERROR;
				CLANG_WARN_SUSPICIOUS_MOVE = YES;
				CLANG_WARN_UNREACHABLE_CODE = YES;
				CLANG_WARN__DUPLICATE_METHOD_MATCH = YES;
				"CODE_SIGN_IDENTITY[sdk=iphoneos*]" = "iPhone Developer";
				COPY_PHASE_STRIP = NO;
				DEBUG_INFORMATION_FORMAT = "dwarf-with-dsym";
				ENABLE_NS_ASSERTIONS = NO;
				ENABLE_STRICT_OBJC_MSGSEND = YES;
				GCC_C_LANGUAGE_STANDARD = gnu99;
				GCC_NO_COMMON_BLOCKS = YES;
				GCC_WARN_64_TO_32_BIT_CONVERSION = YES;
				GCC_WARN_ABOUT_RETURN_TYPE = YES_ERROR;
				GCC_WARN_UNDECLARED_SELECTOR = YES;
				GCC_WARN_UNINITIALIZED_AUTOS = YES_AGGRESSIVE;
				GCC_WARN_UNUSED_FUNCTION = YES;
				GCC_WARN_UNUSED_VARIABLE = YES;
				IPHONEOS_DEPLOYMENT_TARGET = 10.3;
				MTL_ENABLE_DEBUG_INFO = NO;
				SDKROOT = iphoneos;
				TARGETED_DEVICE_FAMILY = "1,2";
				VALIDATE_PRODUCT = YES;
			};
			name = Release;
		};
		A1D0746D1EB7AC1F0086AE7A /* Debug */ = {
			isa = XCBuildConfiguration;
			buildSettings = {
				ASSETCATALOG_COMPILER_APPICON_NAME = AppIcon;
				DEVELOPMENT_TEAM = AB9NKXMTZH;
				FRAMEWORK_SEARCH_PATHS = (
					"$(inherited)",
					"$(PROJECT_DIR)/Carthage/Build/iOS",
				);
				INFOPLIST_FILE = LocationReminders/Info.plist;
				LD_RUNPATH_SEARCH_PATHS = "$(inherited) @executable_path/Frameworks";
				PRODUCT_BUNDLE_IDENTIFIER = com.davidporter.LocationReminders;
				PRODUCT_NAME = "$(TARGET_NAME)";
			};
			name = Debug;
		};
		A1D0746E1EB7AC1F0086AE7A /* Release */ = {
			isa = XCBuildConfiguration;
			buildSettings = {
				ASSETCATALOG_COMPILER_APPICON_NAME = AppIcon;
				DEVELOPMENT_TEAM = AB9NKXMTZH;
				FRAMEWORK_SEARCH_PATHS = (
					"$(inherited)",
					"$(PROJECT_DIR)/Carthage/Build/iOS",
				);
				INFOPLIST_FILE = LocationReminders/Info.plist;
				LD_RUNPATH_SEARCH_PATHS = "$(inherited) @executable_path/Frameworks";
				PRODUCT_BUNDLE_IDENTIFIER = com.davidporter.LocationReminders;
				PRODUCT_NAME = "$(TARGET_NAME)";
			};
			name = Release;
		};
/* End XCBuildConfiguration section */

/* Begin XCConfigurationList section */
		A1D074501EB7AC1F0086AE7A /* Build configuration list for PBXProject "LocationReminders" */ = {
			isa = XCConfigurationList;
			buildConfigurations = (
				A1D0746A1EB7AC1F0086AE7A /* Debug */,
				A1D0746B1EB7AC1F0086AE7A /* Release */,
			);
			defaultConfigurationIsVisible = 0;
			defaultConfigurationName = Release;
		};
		A1D0746C1EB7AC1F0086AE7A /* Build configuration list for PBXNativeTarget "LocationReminders" */ = {
			isa = XCConfigurationList;
			buildConfigurations = (
				A1D0746D1EB7AC1F0086AE7A /* Debug */,
				A1D0746E1EB7AC1F0086AE7A /* Release */,
			);
			defaultConfigurationIsVisible = 0;
			defaultConfigurationName = Release;
		};
/* End XCConfigurationList section */
	};
	rootObject = A1D0744D1EB7AC1F0086AE7A /* Project object */;
}
